// !$*UTF8*$!
{
	archiveVersion = 1;
	classes = {
	};
	objectVersion = 52;
	objects = {

/* Begin PBXBuildFile section */
		3BC57B2927CAB4CA00FD1A95 /* AppDelegate.swift in Sources */ = {isa = PBXBuildFile; fileRef = 3BC57B2827CAB4CA00FD1A95 /* AppDelegate.swift */; };
		3BC57B2B27CAB4CA00FD1A95 /* SceneDelegate.swift in Sources */ = {isa = PBXBuildFile; fileRef = 3BC57B2A27CAB4CA00FD1A95 /* SceneDelegate.swift */; };
		3BC57B2D27CAB4CA00FD1A95 /* ViewController.swift in Sources */ = {isa = PBXBuildFile; fileRef = 3BC57B2C27CAB4CA00FD1A95 /* ViewController.swift */; };
		3BC57B3027CAB4CA00FD1A95 /* Main.storyboard in Resources */ = {isa = PBXBuildFile; fileRef = 3BC57B2E27CAB4CA00FD1A95 /* Main.storyboard */; };
		3BC57B3227CAB4CE00FD1A95 /* Assets.xcassets in Resources */ = {isa = PBXBuildFile; fileRef = 3BC57B3127CAB4CE00FD1A95 /* Assets.xcassets */; };
		3BC57B3527CAB4CE00FD1A95 /* LaunchScreen.storyboard in Resources */ = {isa = PBXBuildFile; fileRef = 3BC57B3327CAB4CE00FD1A95 /* LaunchScreen.storyboard */; };
		3BC57B4027CAB4CE00FD1A95 /* flixsterTests.swift in Sources */ = {isa = PBXBuildFile; fileRef = 3BC57B3F27CAB4CE00FD1A95 /* flixsterTests.swift */; };
		3BC57B4B27CAB4CE00FD1A95 /* flixsterUITests.swift in Sources */ = {isa = PBXBuildFile; fileRef = 3BC57B4A27CAB4CE00FD1A95 /* flixsterUITests.swift */; };
		3BC57B5C27CABE8400FD1A95 /* MovieCell.swift in Sources */ = {isa = PBXBuildFile; fileRef = 3BC57B5B27CABE8400FD1A95 /* MovieCell.swift */; };
		3BC57B6227CAC84800FD1A95 /* AlamofireImage in Frameworks */ = {isa = PBXBuildFile; productRef = 3BC57B6127CAC84800FD1A95 /* AlamofireImage */; };
		4017A745F7F1932281D9CB14 /* Pods_flixsterTests.framework in Frameworks */ = {isa = PBXBuildFile; fileRef = FED723AD7FE6E06FC9E09F0C /* Pods_flixsterTests.framework */; };
		75BF464878A3F181A1FB1E20 /* Pods_flixster_flixsterUITests.framework in Frameworks */ = {isa = PBXBuildFile; fileRef = 1F01CDD3B994C6E35D7CCA00 /* Pods_flixster_flixsterUITests.framework */; };
		9D7A484D5BCB0C47EC3CB966 /* Pods_flixster.framework in Frameworks */ = {isa = PBXBuildFile; fileRef = FE0F199738DA5AA0CB6E56DC /* Pods_flixster.framework */; };
/* End PBXBuildFile section */

/* Begin PBXContainerItemProxy section */
		3BC57B3C27CAB4CE00FD1A95 /* PBXContainerItemProxy */ = {
			isa = PBXContainerItemProxy;
			containerPortal = 3BC57B1D27CAB4CA00FD1A95 /* Project object */;
			proxyType = 1;
			remoteGlobalIDString = 3BC57B2427CAB4CA00FD1A95;
			remoteInfo = flixster;
		};
		3BC57B4727CAB4CE00FD1A95 /* PBXContainerItemProxy */ = {
			isa = PBXContainerItemProxy;
			containerPortal = 3BC57B1D27CAB4CA00FD1A95 /* Project object */;
			proxyType = 1;
			remoteGlobalIDString = 3BC57B2427CAB4CA00FD1A95;
			remoteInfo = flixster;
		};
/* End PBXContainerItemProxy section */

/* Begin PBXFileReference section */
		1F01CDD3B994C6E35D7CCA00 /* Pods_flixster_flixsterUITests.framework */ = {isa = PBXFileReference; explicitFileType = wrapper.framework; includeInIndex = 0; path = Pods_flixster_flixsterUITests.framework; sourceTree = BUILT_PRODUCTS_DIR; };
		3BC57B2527CAB4CA00FD1A95 /* flixster.app */ = {isa = PBXFileReference; explicitFileType = wrapper.application; includeInIndex = 0; path = flixster.app; sourceTree = BUILT_PRODUCTS_DIR; };
		3BC57B2827CAB4CA00FD1A95 /* AppDelegate.swift */ = {isa = PBXFileReference; lastKnownFileType = sourcecode.swift; path = AppDelegate.swift; sourceTree = "<group>"; };
		3BC57B2A27CAB4CA00FD1A95 /* SceneDelegate.swift */ = {isa = PBXFileReference; lastKnownFileType = sourcecode.swift; path = SceneDelegate.swift; sourceTree = "<group>"; };
		3BC57B2C27CAB4CA00FD1A95 /* ViewController.swift */ = {isa = PBXFileReference; lastKnownFileType = sourcecode.swift; path = ViewController.swift; sourceTree = "<group>"; };
		3BC57B2F27CAB4CA00FD1A95 /* Base */ = {isa = PBXFileReference; lastKnownFileType = file.storyboard; name = Base; path = Base.lproj/Main.storyboard; sourceTree = "<group>"; };
		3BC57B3127CAB4CE00FD1A95 /* Assets.xcassets */ = {isa = PBXFileReference; lastKnownFileType = folder.assetcatalog; path = Assets.xcassets; sourceTree = "<group>"; };
		3BC57B3427CAB4CE00FD1A95 /* Base */ = {isa = PBXFileReference; lastKnownFileType = file.storyboard; name = Base; path = Base.lproj/LaunchScreen.storyboard; sourceTree = "<group>"; };
		3BC57B3627CAB4CE00FD1A95 /* Info.plist */ = {isa = PBXFileReference; lastKnownFileType = text.plist.xml; path = Info.plist; sourceTree = "<group>"; };
		3BC57B3B27CAB4CE00FD1A95 /* flixsterTests.xctest */ = {isa = PBXFileReference; explicitFileType = wrapper.cfbundle; includeInIndex = 0; path = flixsterTests.xctest; sourceTree = BUILT_PRODUCTS_DIR; };
		3BC57B3F27CAB4CE00FD1A95 /* flixsterTests.swift */ = {isa = PBXFileReference; lastKnownFileType = sourcecode.swift; path = flixsterTests.swift; sourceTree = "<group>"; };
		3BC57B4127CAB4CE00FD1A95 /* Info.plist */ = {isa = PBXFileReference; lastKnownFileType = text.plist.xml; path = Info.plist; sourceTree = "<group>"; };
		3BC57B4627CAB4CE00FD1A95 /* flixsterUITests.xctest */ = {isa = PBXFileReference; explicitFileType = wrapper.cfbundle; includeInIndex = 0; path = flixsterUITests.xctest; sourceTree = BUILT_PRODUCTS_DIR; };
		3BC57B4A27CAB4CE00FD1A95 /* flixsterUITests.swift */ = {isa = PBXFileReference; lastKnownFileType = sourcecode.swift; path = flixsterUITests.swift; sourceTree = "<group>"; };
		3BC57B4C27CAB4CE00FD1A95 /* Info.plist */ = {isa = PBXFileReference; lastKnownFileType = text.plist.xml; path = Info.plist; sourceTree = "<group>"; };
		3BC57B5B27CABE8400FD1A95 /* MovieCell.swift */ = {isa = PBXFileReference; lastKnownFileType = sourcecode.swift; path = MovieCell.swift; sourceTree = "<group>"; };
		3DEA4B55D8AEDDEDC1CC22CE /* Pods-flixsterTests.debug.xcconfig */ = {isa = PBXFileReference; includeInIndex = 1; lastKnownFileType = text.xcconfig; name = "Pods-flixsterTests.debug.xcconfig"; path = "Target Support Files/Pods-flixsterTests/Pods-flixsterTests.debug.xcconfig"; sourceTree = "<group>"; };
		85AF9530CBA8239276A5084A /* Pods-flixster.release.xcconfig */ = {isa = PBXFileReference; includeInIndex = 1; lastKnownFileType = text.xcconfig; name = "Pods-flixster.release.xcconfig"; path = "Target Support Files/Pods-flixster/Pods-flixster.release.xcconfig"; sourceTree = "<group>"; };
		B5F284C15364F37F3DE9A1C4 /* Pods-flixster-flixsterUITests.debug.xcconfig */ = {isa = PBXFileReference; includeInIndex = 1; lastKnownFileType = text.xcconfig; name = "Pods-flixster-flixsterUITests.debug.xcconfig"; path = "Target Support Files/Pods-flixster-flixsterUITests/Pods-flixster-flixsterUITests.debug.xcconfig"; sourceTree = "<group>"; };
		BB350B6445199B4CA268DE28 /* Pods-flixster-flixsterUITests.release.xcconfig */ = {isa = PBXFileReference; includeInIndex = 1; lastKnownFileType = text.xcconfig; name = "Pods-flixster-flixsterUITests.release.xcconfig"; path = "Target Support Files/Pods-flixster-flixsterUITests/Pods-flixster-flixsterUITests.release.xcconfig"; sourceTree = "<group>"; };
		E403CF052592FCD691CE9C2F /* Pods-flixster.debug.xcconfig */ = {isa = PBXFileReference; includeInIndex = 1; lastKnownFileType = text.xcconfig; name = "Pods-flixster.debug.xcconfig"; path = "Target Support Files/Pods-flixster/Pods-flixster.debug.xcconfig"; sourceTree = "<group>"; };
		EF1C75B2B41DBCCEA6D2A439 /* Pods-flixsterTests.release.xcconfig */ = {isa = PBXFileReference; includeInIndex = 1; lastKnownFileType = text.xcconfig; name = "Pods-flixsterTests.release.xcconfig"; path = "Target Support Files/Pods-flixsterTests/Pods-flixsterTests.release.xcconfig"; sourceTree = "<group>"; };
		FE0F199738DA5AA0CB6E56DC /* Pods_flixster.framework */ = {isa = PBXFileReference; explicitFileType = wrapper.framework; includeInIndex = 0; path = Pods_flixster.framework; sourceTree = BUILT_PRODUCTS_DIR; };
		FED723AD7FE6E06FC9E09F0C /* Pods_flixsterTests.framework */ = {isa = PBXFileReference; explicitFileType = wrapper.framework; includeInIndex = 0; path = Pods_flixsterTests.framework; sourceTree = BUILT_PRODUCTS_DIR; };
/* End PBXFileReference section */

/* Begin PBXFrameworksBuildPhase section */
		3BC57B2227CAB4CA00FD1A95 /* Frameworks */ = {
			isa = PBXFrameworksBuildPhase;
			buildActionMask = 2147483647;
			files = (
				3BC57B6227CAC84800FD1A95 /* AlamofireImage in Frameworks */,
				9D7A484D5BCB0C47EC3CB966 /* Pods_flixster.framework in Frameworks */,
			);
			runOnlyForDeploymentPostprocessing = 0;
		};
		3BC57B3827CAB4CE00FD1A95 /* Frameworks */ = {
			isa = PBXFrameworksBuildPhase;
			buildActionMask = 2147483647;
			files = (
				4017A745F7F1932281D9CB14 /* Pods_flixsterTests.framework in Frameworks */,
			);
			runOnlyForDeploymentPostprocessing = 0;
		};
		3BC57B4327CAB4CE00FD1A95 /* Frameworks */ = {
			isa = PBXFrameworksBuildPhase;
			buildActionMask = 2147483647;
			files = (
				75BF464878A3F181A1FB1E20 /* Pods_flixster_flixsterUITests.framework in Frameworks */,
			);
			runOnlyForDeploymentPostprocessing = 0;
		};
/* End PBXFrameworksBuildPhase section */

/* Begin PBXGroup section */
		3BC57B1C27CAB4CA00FD1A95 = {
			isa = PBXGroup;
			children = (
				3BC57B2727CAB4CA00FD1A95 /* flixster */,
				3BC57B3E27CAB4CE00FD1A95 /* flixsterTests */,
				3BC57B4927CAB4CE00FD1A95 /* flixsterUITests */,
				3BC57B2627CAB4CA00FD1A95 /* Products */,
				534F32C8D669A151C6A63123 /* Pods */,
				A5A6A64474F2B0824207F5EE /* Frameworks */,
			);
			sourceTree = "<group>";
		};
		3BC57B2627CAB4CA00FD1A95 /* Products */ = {
			isa = PBXGroup;
			children = (
				3BC57B2527CAB4CA00FD1A95 /* flixster.app */,
				3BC57B3B27CAB4CE00FD1A95 /* flixsterTests.xctest */,
				3BC57B4627CAB4CE00FD1A95 /* flixsterUITests.xctest */,
			);
			name = Products;
			sourceTree = "<group>";
		};
		3BC57B2727CAB4CA00FD1A95 /* flixster */ = {
			isa = PBXGroup;
			children = (
				3BC57B2827CAB4CA00FD1A95 /* AppDelegate.swift */,
				3BC57B2A27CAB4CA00FD1A95 /* SceneDelegate.swift */,
				3BC57B2C27CAB4CA00FD1A95 /* ViewController.swift */,
				3BC57B2E27CAB4CA00FD1A95 /* Main.storyboard */,
				3BC57B5B27CABE8400FD1A95 /* MovieCell.swift */,
				3BC57B3127CAB4CE00FD1A95 /* Assets.xcassets */,
				3BC57B3327CAB4CE00FD1A95 /* LaunchScreen.storyboard */,
				3BC57B3627CAB4CE00FD1A95 /* Info.plist */,
			);
			path = flixster;
			sourceTree = "<group>";
		};
		3BC57B3E27CAB4CE00FD1A95 /* flixsterTests */ = {
			isa = PBXGroup;
			children = (
				3BC57B3F27CAB4CE00FD1A95 /* flixsterTests.swift */,
				3BC57B4127CAB4CE00FD1A95 /* Info.plist */,
			);
			path = flixsterTests;
			sourceTree = "<group>";
		};
		3BC57B4927CAB4CE00FD1A95 /* flixsterUITests */ = {
			isa = PBXGroup;
			children = (
				3BC57B4A27CAB4CE00FD1A95 /* flixsterUITests.swift */,
				3BC57B4C27CAB4CE00FD1A95 /* Info.plist */,
			);
			path = flixsterUITests;
			sourceTree = "<group>";
		};
		534F32C8D669A151C6A63123 /* Pods */ = {
			isa = PBXGroup;
			children = (
				E403CF052592FCD691CE9C2F /* Pods-flixster.debug.xcconfig */,
				85AF9530CBA8239276A5084A /* Pods-flixster.release.xcconfig */,
				B5F284C15364F37F3DE9A1C4 /* Pods-flixster-flixsterUITests.debug.xcconfig */,
				BB350B6445199B4CA268DE28 /* Pods-flixster-flixsterUITests.release.xcconfig */,
				3DEA4B55D8AEDDEDC1CC22CE /* Pods-flixsterTests.debug.xcconfig */,
				EF1C75B2B41DBCCEA6D2A439 /* Pods-flixsterTests.release.xcconfig */,
			);
			name = Pods;
			path = Pods;
			sourceTree = "<group>";
		};
		A5A6A64474F2B0824207F5EE /* Frameworks */ = {
			isa = PBXGroup;
			children = (
				FE0F199738DA5AA0CB6E56DC /* Pods_flixster.framework */,
				1F01CDD3B994C6E35D7CCA00 /* Pods_flixster_flixsterUITests.framework */,
				FED723AD7FE6E06FC9E09F0C /* Pods_flixsterTests.framework */,
			);
			name = Frameworks;
			sourceTree = "<group>";
		};
/* End PBXGroup section */

/* Begin PBXNativeTarget section */
		3BC57B2427CAB4CA00FD1A95 /* flixster */ = {
			isa = PBXNativeTarget;
			buildConfigurationList = 3BC57B4F27CAB4CE00FD1A95 /* Build configuration list for PBXNativeTarget "flixster" */;
			buildPhases = (
				51A863E0880BB6081B296E51 /* [CP] Check Pods Manifest.lock */,
				3BC57B2127CAB4CA00FD1A95 /* Sources */,
				3BC57B2227CAB4CA00FD1A95 /* Frameworks */,
				3BC57B2327CAB4CA00FD1A95 /* Resources */,
				5B4B7D1291D50972CC495063 /* [CP] Embed Pods Frameworks */,
			);
			buildRules = (
			);
			dependencies = (
			);
			name = flixster;
			packageProductDependencies = (
				3BC57B6127CAC84800FD1A95 /* AlamofireImage */,
			);
			productName = flixster;
			productReference = 3BC57B2527CAB4CA00FD1A95 /* flixster.app */;
			productType = "com.apple.product-type.application";
		};
		3BC57B3A27CAB4CE00FD1A95 /* flixsterTests */ = {
			isa = PBXNativeTarget;
			buildConfigurationList = 3BC57B5227CAB4CE00FD1A95 /* Build configuration list for PBXNativeTarget "flixsterTests" */;
			buildPhases = (
				132C83329AAAADB1D3C583D4 /* [CP] Check Pods Manifest.lock */,
				3BC57B3727CAB4CE00FD1A95 /* Sources */,
				3BC57B3827CAB4CE00FD1A95 /* Frameworks */,
				3BC57B3927CAB4CE00FD1A95 /* Resources */,
			);
			buildRules = (
			);
			dependencies = (
				3BC57B3D27CAB4CE00FD1A95 /* PBXTargetDependency */,
			);
			name = flixsterTests;
			productName = flixsterTests;
			productReference = 3BC57B3B27CAB4CE00FD1A95 /* flixsterTests.xctest */;
			productType = "com.apple.product-type.bundle.unit-test";
		};
		3BC57B4527CAB4CE00FD1A95 /* flixsterUITests */ = {
			isa = PBXNativeTarget;
			buildConfigurationList = 3BC57B5527CAB4CE00FD1A95 /* Build configuration list for PBXNativeTarget "flixsterUITests" */;
			buildPhases = (
				93841402C201B7862398E9D6 /* [CP] Check Pods Manifest.lock */,
				3BC57B4227CAB4CE00FD1A95 /* Sources */,
				3BC57B4327CAB4CE00FD1A95 /* Frameworks */,
				3BC57B4427CAB4CE00FD1A95 /* Resources */,
				BED63E6B21ECF9E1F56960E1 /* [CP] Embed Pods Frameworks */,
			);
			buildRules = (
			);
			dependencies = (
				3BC57B4827CAB4CE00FD1A95 /* PBXTargetDependency */,
			);
			name = flixsterUITests;
			productName = flixsterUITests;
			productReference = 3BC57B4627CAB4CE00FD1A95 /* flixsterUITests.xctest */;
			productType = "com.apple.product-type.bundle.ui-testing";
		};
/* End PBXNativeTarget section */

/* Begin PBXProject section */
		3BC57B1D27CAB4CA00FD1A95 /* Project object */ = {
			isa = PBXProject;
			attributes = {
				LastSwiftUpdateCheck = 1240;
				LastUpgradeCheck = 1240;
				TargetAttributes = {
					3BC57B2427CAB4CA00FD1A95 = {
						CreatedOnToolsVersion = 12.4;
					};
					3BC57B3A27CAB4CE00FD1A95 = {
						CreatedOnToolsVersion = 12.4;
						TestTargetID = 3BC57B2427CAB4CA00FD1A95;
					};
					3BC57B4527CAB4CE00FD1A95 = {
						CreatedOnToolsVersion = 12.4;
						TestTargetID = 3BC57B2427CAB4CA00FD1A95;
					};
				};
			};
			buildConfigurationList = 3BC57B2027CAB4CA00FD1A95 /* Build configuration list for PBXProject "flixster" */;
			compatibilityVersion = "Xcode 9.3";
			developmentRegion = en;
			hasScannedForEncodings = 0;
			knownRegions = (
				en,
				Base,
			);
			mainGroup = 3BC57B1C27CAB4CA00FD1A95;
			packageReferences = (
				3BC57B6027CAC84800FD1A95 /* XCRemoteSwiftPackageReference "AlamofireImage" */,
			);
			productRefGroup = 3BC57B2627CAB4CA00FD1A95 /* Products */;
			projectDirPath = "";
			projectRoot = "";
			targets = (
				3BC57B2427CAB4CA00FD1A95 /* flixster */,
				3BC57B3A27CAB4CE00FD1A95 /* flixsterTests */,
				3BC57B4527CAB4CE00FD1A95 /* flixsterUITests */,
			);
		};
/* End PBXProject section */

/* Begin PBXResourcesBuildPhase section */
		3BC57B2327CAB4CA00FD1A95 /* Resources */ = {
			isa = PBXResourcesBuildPhase;
			buildActionMask = 2147483647;
			files = (
				3BC57B3527CAB4CE00FD1A95 /* LaunchScreen.storyboard in Resources */,
				3BC57B3227CAB4CE00FD1A95 /* Assets.xcassets in Resources */,
				3BC57B3027CAB4CA00FD1A95 /* Main.storyboard in Resources */,
			);
			runOnlyForDeploymentPostprocessing = 0;
		};
		3BC57B3927CAB4CE00FD1A95 /* Resources */ = {
			isa = PBXResourcesBuildPhase;
			buildActionMask = 2147483647;
			files = (
			);
			runOnlyForDeploymentPostprocessing = 0;
		};
		3BC57B4427CAB4CE00FD1A95 /* Resources */ = {
			isa = PBXResourcesBuildPhase;
			buildActionMask = 2147483647;
			files = (
			);
			runOnlyForDeploymentPostprocessing = 0;
		};
/* End PBXResourcesBuildPhase section */

/* Begin PBXShellScriptBuildPhase section */
		132C83329AAAADB1D3C583D4 /* [CP] Check Pods Manifest.lock */ = {
			isa = PBXShellScriptBuildPhase;
			buildActionMask = 2147483647;
			files = (
			);
			inputFileListPaths = (
			);
			inputPaths = (
				"${PODS_PODFILE_DIR_PATH}/Podfile.lock",
				"${PODS_ROOT}/Manifest.lock",
			);
			name = "[CP] Check Pods Manifest.lock";
			outputFileListPaths = (
			);
			outputPaths = (
				"$(DERIVED_FILE_DIR)/Pods-flixsterTests-checkManifestLockResult.txt",
			);
			runOnlyForDeploymentPostprocessing = 0;
			shellPath = /bin/sh;
			shellScript = "diff \"${PODS_PODFILE_DIR_PATH}/Podfile.lock\" \"${PODS_ROOT}/Manifest.lock\" > /dev/null\nif [ $? != 0 ] ; then\n    # print error to STDERR\n    echo \"error: The sandbox is not in sync with the Podfile.lock. Run 'pod install' or update your CocoaPods installation.\" >&2\n    exit 1\nfi\n# This output is used by Xcode 'outputs' to avoid re-running this script phase.\necho \"SUCCESS\" > \"${SCRIPT_OUTPUT_FILE_0}\"\n";
			showEnvVarsInLog = 0;
		};
		51A863E0880BB6081B296E51 /* [CP] Check Pods Manifest.lock */ = {
			isa = PBXShellScriptBuildPhase;
			buildActionMask = 2147483647;
			files = (
			);
			inputFileListPaths = (
			);
			inputPaths = (
				"${PODS_PODFILE_DIR_PATH}/Podfile.lock",
				"${PODS_ROOT}/Manifest.lock",
			);
			name = "[CP] Check Pods Manifest.lock";
			outputFileListPaths = (
			);
			outputPaths = (
				"$(DERIVED_FILE_DIR)/Pods-flixster-checkManifestLockResult.txt",
			);
			runOnlyForDeploymentPostprocessing = 0;
			shellPath = /bin/sh;
			shellScript = "diff \"${PODS_PODFILE_DIR_PATH}/Podfile.lock\" \"${PODS_ROOT}/Manifest.lock\" > /dev/null\nif [ $? != 0 ] ; then\n    # print error to STDERR\n    echo \"error: The sandbox is not in sync with the Podfile.lock. Run 'pod install' or update your CocoaPods installation.\" >&2\n    exit 1\nfi\n# This output is used by Xcode 'outputs' to avoid re-running this script phase.\necho \"SUCCESS\" > \"${SCRIPT_OUTPUT_FILE_0}\"\n";
			showEnvVarsInLog = 0;
		};
		5B4B7D1291D50972CC495063 /* [CP] Embed Pods Frameworks */ = {
			isa = PBXShellScriptBuildPhase;
			buildActionMask = 2147483647;
			files = (
			);
			inputFileListPaths = (
				"${PODS_ROOT}/Target Support Files/Pods-flixster/Pods-flixster-frameworks-${CONFIGURATION}-input-files.xcfilelist",
			);
			name = "[CP] Embed Pods Frameworks";
			outputFileListPaths = (
				"${PODS_ROOT}/Target Support Files/Pods-flixster/Pods-flixster-frameworks-${CONFIGURATION}-output-files.xcfilelist",
			);
			runOnlyForDeploymentPostprocessing = 0;
			shellPath = /bin/sh;
			shellScript = "\"${PODS_ROOT}/Target Support Files/Pods-flixster/Pods-flixster-frameworks.sh\"\n";
			showEnvVarsInLog = 0;
		};
		93841402C201B7862398E9D6 /* [CP] Check Pods Manifest.lock */ = {
			isa = PBXShellScriptBuildPhase;
			buildActionMask = 2147483647;
			files = (
			);
			inputFileListPaths = (
			);
			inputPaths = (
				"${PODS_PODFILE_DIR_PATH}/Podfile.lock",
				"${PODS_ROOT}/Manifest.lock",
			);
			name = "[CP] Check Pods Manifest.lock";
			outputFileListPaths = (
			);
			outputPaths = (
				"$(DERIVED_FILE_DIR)/Pods-flixster-flixsterUITests-checkManifestLockResult.txt",
			);
			runOnlyForDeploymentPostprocessing = 0;
			shellPath = /bin/sh;
			shellScript = "diff \"${PODS_PODFILE_DIR_PATH}/Podfile.lock\" \"${PODS_ROOT}/Manifest.lock\" > /dev/null\nif [ $? != 0 ] ; then\n    # print error to STDERR\n    echo \"error: The sandbox is not in sync with the Podfile.lock. Run 'pod install' or update your CocoaPods installation.\" >&2\n    exit 1\nfi\n# This output is used by Xcode 'outputs' to avoid re-running this script phase.\necho \"SUCCESS\" > \"${SCRIPT_OUTPUT_FILE_0}\"\n";
			showEnvVarsInLog = 0;
		};
		BED63E6B21ECF9E1F56960E1 /* [CP] Embed Pods Frameworks */ = {
			isa = PBXShellScriptBuildPhase;
			buildActionMask = 2147483647;
			files = (
			);
			inputFileListPaths = (
				"${PODS_ROOT}/Target Support Files/Pods-flixster-flixsterUITests/Pods-flixster-flixsterUITests-frameworks-${CONFIGURATION}-input-files.xcfilelist",
			);
			name = "[CP] Embed Pods Frameworks";
			outputFileListPaths = (
				"${PODS_ROOT}/Target Support Files/Pods-flixster-flixsterUITests/Pods-flixster-flixsterUITests-frameworks-${CONFIGURATION}-output-files.xcfilelist",
			);
			runOnlyForDeploymentPostprocessing = 0;
			shellPath = /bin/sh;
			shellScript = "\"${PODS_ROOT}/Target Support Files/Pods-flixster-flixsterUITests/Pods-flixster-flixsterUITests-frameworks.sh\"\n";
			showEnvVarsInLog = 0;
		};
/* End PBXShellScriptBuildPhase section */

/* Begin PBXSourcesBuildPhase section */
		3BC57B2127CAB4CA00FD1A95 /* Sources */ = {
			isa = PBXSourcesBuildPhase;
			buildActionMask = 2147483647;
			files = (
				3BC57B2D27CAB4CA00FD1A95 /* ViewController.swift in Sources */,
				3BC57B2927CAB4CA00FD1A95 /* AppDelegate.swift in Sources */,
				3BC57B5C27CABE8400FD1A95 /* MovieCell.swift in Sources */,
				3BC57B2B27CAB4CA00FD1A95 /* SceneDelegate.swift in Sources */,
			);
			runOnlyForDeploymentPostprocessing = 0;
		};
		3BC57B3727CAB4CE00FD1A95 /* Sources */ = {
			isa = PBXSourcesBuildPhase;
			buildActionMask = 2147483647;
			files = (
				3BC57B4027CAB4CE00FD1A95 /* flixsterTests.swift in Sources */,
			);
			runOnlyForDeploymentPostprocessing = 0;
		};
		3BC57B4227CAB4CE00FD1A95 /* Sources */ = {
			isa = PBXSourcesBuildPhase;
			buildActionMask = 2147483647;
			files = (
				3BC57B4B27CAB4CE00FD1A95 /* flixsterUITests.swift in Sources */,
			);
			runOnlyForDeploymentPostprocessing = 0;
		};
/* End PBXSourcesBuildPhase section */

/* Begin PBXTargetDependency section */
		3BC57B3D27CAB4CE00FD1A95 /* PBXTargetDependency */ = {
			isa = PBXTargetDependency;
			target = 3BC57B2427CAB4CA00FD1A95 /* flixster */;
			targetProxy = 3BC57B3C27CAB4CE00FD1A95 /* PBXContainerItemProxy */;
		};
		3BC57B4827CAB4CE00FD1A95 /* PBXTargetDependency */ = {
			isa = PBXTargetDependency;
			target = 3BC57B2427CAB4CA00FD1A95 /* flixster */;
			targetProxy = 3BC57B4727CAB4CE00FD1A95 /* PBXContainerItemProxy */;
		};
/* End PBXTargetDependency section */

/* Begin PBXVariantGroup section */
		3BC57B2E27CAB4CA00FD1A95 /* Main.storyboard */ = {
			isa = PBXVariantGroup;
			children = (
				3BC57B2F27CAB4CA00FD1A95 /* Base */,
			);
			name = Main.storyboard;
			sourceTree = "<group>";
		};
		3BC57B3327CAB4CE00FD1A95 /* LaunchScreen.storyboard */ = {
			isa = PBXVariantGroup;
			children = (
				3BC57B3427CAB4CE00FD1A95 /* Base */,
			);
			name = LaunchScreen.storyboard;
			sourceTree = "<group>";
		};
/* End PBXVariantGroup section */

/* Begin XCBuildConfiguration section */
		3BC57B4D27CAB4CE00FD1A95 /* Debug */ = {
			isa = XCBuildConfiguration;
			buildSettings = {
				ALWAYS_SEARCH_USER_PATHS = NO;
				CLANG_ANALYZER_NONNULL = YES;
				CLANG_ANALYZER_NUMBER_OBJECT_CONVERSION = YES_AGGRESSIVE;
				CLANG_CXX_LANGUAGE_STANDARD = "gnu++14";
				CLANG_CXX_LIBRARY = "libc++";
				CLANG_ENABLE_MODULES = YES;
				CLANG_ENABLE_OBJC_ARC = YES;
				CLANG_ENABLE_OBJC_WEAK = YES;
				CLANG_WARN_BLOCK_CAPTURE_AUTORELEASING = YES;
				CLANG_WARN_BOOL_CONVERSION = YES;
				CLANG_WARN_COMMA = YES;
				CLANG_WARN_CONSTANT_CONVERSION = YES;
				CLANG_WARN_DEPRECATED_OBJC_IMPLEMENTATIONS = YES;
				CLANG_WARN_DIRECT_OBJC_ISA_USAGE = YES_ERROR;
				CLANG_WARN_DOCUMENTATION_COMMENTS = YES;
				CLANG_WARN_EMPTY_BODY = YES;
				CLANG_WARN_ENUM_CONVERSION = YES;
				CLANG_WARN_INFINITE_RECURSION = YES;
				CLANG_WARN_INT_CONVERSION = YES;
				CLANG_WARN_NON_LITERAL_NULL_CONVERSION = YES;
				CLANG_WARN_OBJC_IMPLICIT_RETAIN_SELF = YES;
				CLANG_WARN_OBJC_LITERAL_CONVERSION = YES;
				CLANG_WARN_OBJC_ROOT_CLASS = YES_ERROR;
				CLANG_WARN_QUOTED_INCLUDE_IN_FRAMEWORK_HEADER = YES;
				CLANG_WARN_RANGE_LOOP_ANALYSIS = YES;
				CLANG_WARN_STRICT_PROTOTYPES = YES;
				CLANG_WARN_SUSPICIOUS_MOVE = YES;
				CLANG_WARN_UNGUARDED_AVAILABILITY = YES_AGGRESSIVE;
				CLANG_WARN_UNREACHABLE_CODE = YES;
				CLANG_WARN__DUPLICATE_METHOD_MATCH = YES;
				COPY_PHASE_STRIP = NO;
				DEBUG_INFORMATION_FORMAT = dwarf;
				ENABLE_STRICT_OBJC_MSGSEND = YES;
				ENABLE_TESTABILITY = YES;
				GCC_C_LANGUAGE_STANDARD = gnu11;
				GCC_DYNAMIC_NO_PIC = NO;
				GCC_NO_COMMON_BLOCKS = YES;
				GCC_OPTIMIZATION_LEVEL = 0;
				GCC_PREPROCESSOR_DEFINITIONS = (
					"DEBUG=1",
					"$(inherited)",
				);
				GCC_WARN_64_TO_32_BIT_CONVERSION = YES;
				GCC_WARN_ABOUT_RETURN_TYPE = YES_ERROR;
				GCC_WARN_UNDECLARED_SELECTOR = YES;
				GCC_WARN_UNINITIALIZED_AUTOS = YES_AGGRESSIVE;
				GCC_WARN_UNUSED_FUNCTION = YES;
				GCC_WARN_UNUSED_VARIABLE = YES;
				IPHONEOS_DEPLOYMENT_TARGET = 14.4;
				MTL_ENABLE_DEBUG_INFO = INCLUDE_SOURCE;
				MTL_FAST_MATH = YES;
				ONLY_ACTIVE_ARCH = YES;
				SDKROOT = iphoneos;
				SWIFT_ACTIVE_COMPILATION_CONDITIONS = DEBUG;
				SWIFT_OPTIMIZATION_LEVEL = "-Onone";
			};
			name = Debug;
		};
		3BC57B4E27CAB4CE00FD1A95 /* Release */ = {
			isa = XCBuildConfiguration;
			buildSettings = {
				ALWAYS_SEARCH_USER_PATHS = NO;
				CLANG_ANALYZER_NONNULL = YES;
				CLANG_ANALYZER_NUMBER_OBJECT_CONVERSION = YES_AGGRESSIVE;
				CLANG_CXX_LANGUAGE_STANDARD = "gnu++14";
				CLANG_CXX_LIBRARY = "libc++";
				CLANG_ENABLE_MODULES = YES;
				CLANG_ENABLE_OBJC_ARC = YES;
				CLANG_ENABLE_OBJC_WEAK = YES;
				CLANG_WARN_BLOCK_CAPTURE_AUTORELEASING = YES;
				CLANG_WARN_BOOL_CONVERSION = YES;
				CLANG_WARN_COMMA = YES;
				CLANG_WARN_CONSTANT_CONVERSION = YES;
				CLANG_WARN_DEPRECATED_OBJC_IMPLEMENTATIONS = YES;
				CLANG_WARN_DIRECT_OBJC_ISA_USAGE = YES_ERROR;
				CLANG_WARN_DOCUMENTATION_COMMENTS = YES;
				CLANG_WARN_EMPTY_BODY = YES;
				CLANG_WARN_ENUM_CONVERSION = YES;
				CLANG_WARN_INFINITE_RECURSION = YES;
				CLANG_WARN_INT_CONVERSION = YES;
				CLANG_WARN_NON_LITERAL_NULL_CONVERSION = YES;
				CLANG_WARN_OBJC_IMPLICIT_RETAIN_SELF = YES;
				CLANG_WARN_OBJC_LITERAL_CONVERSION = YES;
				CLANG_WARN_OBJC_ROOT_CLASS = YES_ERROR;
				CLANG_WARN_QUOTED_INCLUDE_IN_FRAMEWORK_HEADER = YES;
				CLANG_WARN_RANGE_LOOP_ANALYSIS = YES;
				CLANG_WARN_STRICT_PROTOTYPES = YES;
				CLANG_WARN_SUSPICIOUS_MOVE = YES;
				CLANG_WARN_UNGUARDED_AVAILABILITY = YES_AGGRESSIVE;
				CLANG_WARN_UNREACHABLE_CODE = YES;
				CLANG_WARN__DUPLICATE_METHOD_MATCH = YES;
				COPY_PHASE_STRIP = NO;
				DEBUG_INFORMATION_FORMAT = "dwarf-with-dsym";
				ENABLE_NS_ASSERTIONS = NO;
				ENABLE_STRICT_OBJC_MSGSEND = YES;
				GCC_C_LANGUAGE_STANDARD = gnu11;
				GCC_NO_COMMON_BLOCKS = YES;
				GCC_WARN_64_TO_32_BIT_CONVERSION = YES;
				GCC_WARN_ABOUT_RETURN_TYPE = YES_ERROR;
				GCC_WARN_UNDECLARED_SELECTOR = YES;
				GCC_WARN_UNINITIALIZED_AUTOS = YES_AGGRESSIVE;
				GCC_WARN_UNUSED_FUNCTION = YES;
				GCC_WARN_UNUSED_VARIABLE = YES;
				IPHONEOS_DEPLOYMENT_TARGET = 14.4;
				MTL_ENABLE_DEBUG_INFO = NO;
				MTL_FAST_MATH = YES;
				SDKROOT = iphoneos;
				SWIFT_COMPILATION_MODE = wholemodule;
				SWIFT_OPTIMIZATION_LEVEL = "-O";
				VALIDATE_PRODUCT = YES;
			};
			name = Release;
		};
		3BC57B5027CAB4CE00FD1A95 /* Debug */ = {
			isa = XCBuildConfiguration;
			baseConfigurationReference = E403CF052592FCD691CE9C2F /* Pods-flixster.debug.xcconfig */;
			buildSettings = {
				ASSETCATALOG_COMPILER_APPICON_NAME = AppIcon;
				ASSETCATALOG_COMPILER_GLOBAL_ACCENT_COLOR_NAME = AccentColor;
				CODE_SIGN_STYLE = Automatic;
				INFOPLIST_FILE = flixster/Info.plist;
				LD_RUNPATH_SEARCH_PATHS = (
					"$(inherited)",
					"@executable_path/Frameworks",
				);
				PRODUCT_BUNDLE_IDENTIFIER = memo.com.flixster;
				PRODUCT_NAME = "$(TARGET_NAME)";
				SWIFT_VERSION = 5.0;
				TARGETED_DEVICE_FAMILY = "1,2";
			};
			name = Debug;
		};
		3BC57B5127CAB4CE00FD1A95 /* Release */ = {
			isa = XCBuildConfiguration;
			baseConfigurationReference = 85AF9530CBA8239276A5084A /* Pods-flixster.release.xcconfig */;
			buildSettings = {
				ASSETCATALOG_COMPILER_APPICON_NAME = AppIcon;
				ASSETCATALOG_COMPILER_GLOBAL_ACCENT_COLOR_NAME = AccentColor;
				CODE_SIGN_STYLE = Automatic;
				INFOPLIST_FILE = flixster/Info.plist;
				LD_RUNPATH_SEARCH_PATHS = (
					"$(inherited)",
					"@executable_path/Frameworks",
				);
				PRODUCT_BUNDLE_IDENTIFIER = memo.com.flixster;
				PRODUCT_NAME = "$(TARGET_NAME)";
				SWIFT_VERSION = 5.0;
				TARGETED_DEVICE_FAMILY = "1,2";
			};
			name = Release;
		};
		3BC57B5327CAB4CE00FD1A95 /* Debug */ = {
			isa = XCBuildConfiguration;
			baseConfigurationReference = 3DEA4B55D8AEDDEDC1CC22CE /* Pods-flixsterTests.debug.xcconfig */;
			buildSettings = {
				ALWAYS_EMBED_SWIFT_STANDARD_LIBRARIES = YES;
				BUNDLE_LOADER = "$(TEST_HOST)";
				CODE_SIGN_STYLE = Automatic;
				INFOPLIST_FILE = flixsterTests/Info.plist;
				IPHONEOS_DEPLOYMENT_TARGET = 14.4;
				LD_RUNPATH_SEARCH_PATHS = (
					"$(inherited)",
					"@executable_path/Frameworks",
					"@loader_path/Frameworks",
				);
				PRODUCT_BUNDLE_IDENTIFIER = memo.com.flixsterTests;
				PRODUCT_NAME = "$(TARGET_NAME)";
				SWIFT_VERSION = 5.0;
				TARGETED_DEVICE_FAMILY = "1,2";
				TEST_HOST = "$(BUILT_PRODUCTS_DIR)/flixster.app/flixster";
			};
			name = Debug;
		};
		3BC57B5427CAB4CE00FD1A95 /* Release */ = {
			isa = XCBuildConfiguration;
			baseConfigurationReference = EF1C75B2B41DBCCEA6D2A439 /* Pods-flixsterTests.release.xcconfig */;
			buildSettings = {
				ALWAYS_EMBED_SWIFT_STANDARD_LIBRARIES = YES;
				BUNDLE_LOADER = "$(TEST_HOST)";
				CODE_SIGN_STYLE = Automatic;
				INFOPLIST_FILE = flixsterTests/Info.plist;
				IPHONEOS_DEPLOYMENT_TARGET = 14.4;
				LD_RUNPATH_SEARCH_PATHS = (
					"$(inherited)",
					"@executable_path/Frameworks",
					"@loader_path/Frameworks",
				);
				PRODUCT_BUNDLE_IDENTIFIER = memo.com.flixsterTests;
				PRODUCT_NAME = "$(TARGET_NAME)";
				SWIFT_VERSION = 5.0;
				TARGETED_DEVICE_FAMILY = "1,2";
				TEST_HOST = "$(BUILT_PRODUCTS_DIR)/flixster.app/flixster";
			};
			name = Release;
		};
		3BC57B5627CAB4CE00FD1A95 /* Debug */ = {
			isa = XCBuildConfiguration;
			baseConfigurationReference = B5F284C15364F37F3DE9A1C4 /* Pods-flixster-flixsterUITests.debug.xcconfig */;
			buildSettings = {
				ALWAYS_EMBED_SWIFT_STANDARD_LIBRARIES = YES;
				CODE_SIGN_STYLE = Automatic;
				INFOPLIST_FILE = flixsterUITests/Info.plist;
				LD_RUNPATH_SEARCH_PATHS = (
					"$(inherited)",
					"@executable_path/Frameworks",
					"@loader_path/Frameworks",
				);
				PRODUCT_BUNDLE_IDENTIFIER = memo.com.flixsterUITests;
				PRODUCT_NAME = "$(TARGET_NAME)";
				SWIFT_VERSION = 5.0;
				TARGETED_DEVICE_FAMILY = "1,2";
				TEST_TARGET_NAME = flixster;
			};
			name = Debug;
		};
		3BC57B5727CAB4CE00FD1A95 /* Release */ = {
			isa = XCBuildConfiguration;
			baseConfigurationReference = BB350B6445199B4CA268DE28 /* Pods-flixster-flixsterUITests.release.xcconfig */;
			buildSettings = {
				ALWAYS_EMBED_SWIFT_STANDARD_LIBRARIES = YES;
				CODE_SIGN_STYLE = Automatic;
				INFOPLIST_FILE = flixsterUITests/Info.plist;
				LD_RUNPATH_SEARCH_PATHS = (
					"$(inherited)",
					"@executable_path/Frameworks",
					"@loader_path/Frameworks",
				);
				PRODUCT_BUNDLE_IDENTIFIER = memo.com.flixsterUITests;
				PRODUCT_NAME = "$(TARGET_NAME)";
				SWIFT_VERSION = 5.0;
				TARGETED_DEVICE_FAMILY = "1,2";
				TEST_TARGET_NAME = flixster;
			};
			name = Release;
		};
/* End XCBuildConfiguration section */

/* Begin XCConfigurationList section */
		3BC57B2027CAB4CA00FD1A95 /* Build configuration list for PBXProject "flixster" */ = {
			isa = XCConfigurationList;
			buildConfigurations = (
				3BC57B4D27CAB4CE00FD1A95 /* Debug */,
				3BC57B4E27CAB4CE00FD1A95 /* Release */,
			);
			defaultConfigurationIsVisible = 0;
			defaultConfigurationName = Release;
		};
		3BC57B4F27CAB4CE00FD1A95 /* Build configuration list for PBXNativeTarget "flixster" */ = {
			isa = XCConfigurationList;
			buildConfigurations = (
				3BC57B5027CAB4CE00FD1A95 /* Debug */,
				3BC57B5127CAB4CE00FD1A95 /* Release */,
			);
			defaultConfigurationIsVisible = 0;
			defaultConfigurationName = Release;
		};
		3BC57B5227CAB4CE00FD1A95 /* Build configuration list for PBXNativeTarget "flixsterTests" */ = {
			isa = XCConfigurationList;
			buildConfigurations = (
				3BC57B5327CAB4CE00FD1A95 /* Debug */,
				3BC57B5427CAB4CE00FD1A95 /* Release */,
			);
			defaultConfigurationIsVisible = 0;
			defaultConfigurationName = Release;
		};
		3BC57B5527CAB4CE00FD1A95 /* Build configuration list for PBXNativeTarget "flixsterUITests" */ = {
			isa = XCConfigurationList;
			buildConfigurations = (
				3BC57B5627CAB4CE00FD1A95 /* Debug */,
				3BC57B5727CAB4CE00FD1A95 /* Release */,
			);
			defaultConfigurationIsVisible = 0;
			defaultConfigurationName = Release;
		};
/* End XCConfigurationList section */

/* Begin XCRemoteSwiftPackageReference section */
		3BC57B6027CAC84800FD1A95 /* XCRemoteSwiftPackageReference "AlamofireImage" */ = {
			isa = XCRemoteSwiftPackageReference;
			repositoryURL = "https://github.com/Alamofire/AlamofireImage";
			requirement = {
				kind = upToNextMajorVersion;
				minimumVersion = 4.2.0;
			};
		};
/* End XCRemoteSwiftPackageReference section */

/* Begin XCSwiftPackageProductDependency section */
		3BC57B6127CAC84800FD1A95 /* AlamofireImage */ = {
			isa = XCSwiftPackageProductDependency;
			package = 3BC57B6027CAC84800FD1A95 /* XCRemoteSwiftPackageReference "AlamofireImage" */;
			productName = AlamofireImage;
		};
/* End XCSwiftPackageProductDependency section */
	};
	rootObject = 3BC57B1D27CAB4CA00FD1A95 /* Project object */;
}
